
Microsoft Visual Studio Solution File, Format Version 12.00
# Visual Studio Version 17
VisualStudioVersion = 17.10.35122.118
MinimumVisualStudioVersion = 10.0.40219.1
Project("{FAE04EC0-301F-11D3-BF4B-00C04F79EFBC}") = "AirWarProyecto3Datos1", "AirWarProyecto3Datos1\AirWarProyecto3Datos1.csproj", "{629FF0C5-11EF-45C0-AC86-8E0D72D9A642}"
EndProject
Global
	GlobalSection(SolutionConfigurationPlatforms) = preSolution
		Debug|Any CPU = Debug|Any CPU
		Release|Any CPU = Release|Any CPU
	EndGlobalSection
	GlobalSection(ProjectConfigurationPlatforms) = postSolution
		{629FF0C5-11EF-45C0-AC86-8E0D72D9A642}.Debug|Any CPU.ActiveCfg = Debug|Any CPU
		{629FF0C5-11EF-45C0-AC86-8E0D72D9A642}.Debug|Any CPU.Build.0 = Debug|Any CPU
		{629FF0C5-11EF-45C0-AC86-8E0D72D9A642}.Release|Any CPU.ActiveCfg = Release|Any CPU
		{629FF0C5-11EF-45C0-AC86-8E0D72D9A642}.Release|Any CPU.Build.0 = Release|Any CPU
	EndGlobalSection
	GlobalSection(SolutionProperties) = preSolution
		HideSolutionNode = FALSE
	EndGlobalSection
	GlobalSection(ExtensibilityGlobals) = postSolution
		SolutionGuid = {1F35A729-AFC2-49CC-A6CC-00DD694A58B6}
	EndGlobalSection
EndGlobal
